PODS:
  - Flutter (1.0.0)
  - flutter_local_imagegen (0.0.1):
    - Flutter
  - integration_test (0.0.1):
    - Flutter

DEPENDENCIES:
  - Flutter (from `Flutter`)
  - flutter_local_imagegen (from `.symlinks/plugins/flutter_local_imagegen/ios`)
  - integration_test (from `.symlinks/plugins/integration_test/ios`)

EXTERNAL SOURCES:
  Flutter:
    :path: Flutter
  flutter_local_imagegen:
    :path: ".symlinks/plugins/flutter_local_imagegen/ios"
  integration_test:
    :path: ".symlinks/plugins/integration_test/ios"

SPEC CHECKSUMS:
  Flutter: cabc95a1d2626b1b06e7179b784ebcf0c0cde467
  flutter_local_imagegen: 29049d0a3415abd0d4f2476263365a842b54b4be
  integration_test: 4a889634ef21a45d28d50d622cf412dc6d9f586e

PODFILE CHECKSUM: 85596b45264ab493b827eec5651275c92a7b964b

COCOAPODS: 1.16.2
